
Microsoft Visual Studio Solution File, Format Version 12.00
Project("{FAE04EC0-301F-11D3-BF4B-00C04F79EFBC}") = "Pachman.MediatoR.CQRS", "src\CQRS\Pachman.MediatoR.CQRS\Pachman.MediatoR.CQRS.csproj", "{14A2AA2A-20A7-4970-B7E9-70A1184282BB}"
EndProject
Project("{FAE04EC0-301F-11D3-BF4B-00C04F79EFBC}") = "Pachman.ConsoleApp", "samples\Pachman.ConsoleApp\Pachman.ConsoleApp.csproj", "{D45F46E6-8628-4657-81F5-6A32FB6C8E08}"
EndProject
Global
	GlobalSection(SolutionConfigurationPlatforms) = preSolution
		Debug|Any CPU = Debug|Any CPU
		Release|Any CPU = Release|Any CPU
	EndGlobalSection
	GlobalSection(ProjectConfigurationPlatforms) = postSolution
		{14A2AA2A-20A7-4970-B7E9-70A1184282BB}.Debug|Any CPU.ActiveCfg = Debug|Any CPU
		{14A2AA2A-20A7-4970-B7E9-70A1184282BB}.Debug|Any CPU.Build.0 = Debug|Any CPU
		{14A2AA2A-20A7-4970-B7E9-70A1184282BB}.Release|Any CPU.ActiveCfg = Release|Any CPU
		{14A2AA2A-20A7-4970-B7E9-70A1184282BB}.Release|Any CPU.Build.0 = Release|Any CPU
		{D45F46E6-8628-4657-81F5-6A32FB6C8E08}.Debug|Any CPU.ActiveCfg = Debug|Any CPU
		{D45F46E6-8628-4657-81F5-6A32FB6C8E08}.Debug|Any CPU.Build.0 = Debug|Any CPU
		{D45F46E6-8628-4657-81F5-6A32FB6C8E08}.Release|Any CPU.ActiveCfg = Release|Any CPU
		{D45F46E6-8628-4657-81F5-6A32FB6C8E08}.Release|Any CPU.Build.0 = Release|Any CPU
	EndGlobalSection
EndGlobal
